Microsoft Visual Studio Solution File, Format Version 12.00
# Visual Studio 15
VisualStudioVersion = 15.0.27703.2000
MinimumVisualStudioVersion = 10.0.40219.1
Project("{2150E333-8FDC-42A3-9474-1A3956D46DE8}") = "Common", "Common", "{B21B8E5B-35AE-4845-9CF8-9432222B025A}"
EndProject
Project("{6EC3EE1D-3C4E-46DD-8F32-0CC8E7565705}") = "Chainium.Common", "Chainium.Common\Chainium.Common.fsproj", "{7863EFF6-7271-467E-AC0B-39F1FEFB4252}"
EndProject
Project("{6EC3EE1D-3C4E-46DD-8F32-0CC8E7565705}") = "Chainium.Blockchain.Common", "Chainium.Blockchain.Common\Chainium.Blockchain.Common.fsproj", "{09FEAE5D-825C-4066-8068-6F8A4BA1ED09}"
EndProject
Project("{2150E333-8FDC-42A3-9474-1A3956D46DE8}") = "Domain", "Domain", "{AD45BC5B-CADC-46B6-B505-765A59BDF476}"
EndProject
Project("{6EC3EE1D-3C4E-46DD-8F32-0CC8E7565705}") = "Chainium.Blockchain.Public.Core", "Chainium.Blockchain.Public.Core\Chainium.Blockchain.Public.Core.fsproj", "{34AEFE17-BDAD-48E0-9F8E-DC4C8FAF4381}"
EndProject
Project("{6EC3EE1D-3C4E-46DD-8F32-0CC8E7565705}") = "Chainium.Blockchain.Public.Crypto", "Chainium.Blockchain.Public.Crypto\Chainium.Blockchain.Public.Crypto.fsproj", "{43959247-679F-459D-AD6D-D96B1128EF4A}"
EndProject
Project("{2150E333-8FDC-42A3-9474-1A3956D46DE8}") = "Infrastructure", "Infrastructure", "{8326E566-95AA-4A26-AB4D-E648A9C7351D}"
EndProject
Project("{6EC3EE1D-3C4E-46DD-8F32-0CC8E7565705}") = "Chainium.Blockchain.Public.Data", "Chainium.Blockchain.Public.Data\Chainium.Blockchain.Public.Data.fsproj", "{81928E31-134E-4823-AC9E-8B7C773EE001}"
EndProject
Project("{6EC3EE1D-3C4E-46DD-8F32-0CC8E7565705}") = "Chainium.Blockchain.Public.Net", "Chainium.Blockchain.Public.Net\Chainium.Blockchain.Public.Net.fsproj", "{3961873E-9489-46C3-B7EC-72D62A3E577A}"
EndProject
Project("{2150E333-8FDC-42A3-9474-1A3956D46DE8}") = "App", "App", "{BC5EB361-3612-4183-A6EA-38F1B68D810C}"
EndProject
Project("{6EC3EE1D-3C4E-46DD-8F32-0CC8E7565705}") = "Chainium.Blockchain.Public.Node", "Chainium.Blockchain.Public.Node\Chainium.Blockchain.Public.Node.fsproj", "{FD2A5722-643D-4232-A507-474B965E78B2}"
EndProject
Project("{6EC3EE1D-3C4E-46DD-8F32-0CC8E7565705}") = "Chainium.Blockchain.Public.Wallet", "Chainium.Blockchain.Public.Wallet\Chainium.Blockchain.Public.Wallet.fsproj", "{6016F6E7-7760-422B-8AED-3E346B38DAA0}"
EndProject
Project("{2150E333-8FDC-42A3-9474-1A3956D46DE8}") = "Tests", "Tests", "{214B2395-B936-4A78-8D95-0A96DF46B4C5}"
EndProject
Project("{6EC3EE1D-3C4E-46DD-8F32-0CC8E7565705}") = "Chainium.Blockchain.Public.Core.Tests", "Chainium.Blockchain.Public.Core.Tests\Chainium.Blockchain.Public.Core.Tests.fsproj", "{390F1174-A42A-439A-8EF3-9B50C9E46B1D}"
EndProject
Project("{6EC3EE1D-3C4E-46DD-8F32-0CC8E7565705}") = "Chainium.Blockchain.Public.Crypto.Tests", "Chainium.Blockchain.Public.Crypto.Tests\Chainium.Blockchain.Public.Crypto.Tests.fsproj", "{C4E8E947-93AD-40BA-A08E-DB281212146A}"
EndProject
Project("{6EC3EE1D-3C4E-46DD-8F32-0CC8E7565705}") = "Chainium.Blockchain.Public.IntegrationTests", "Chainium.Blockchain.Public.IntegrationTests\Chainium.Blockchain.Public.IntegrationTests.fsproj", "{0C52FC37-A112-4E01-A30F-C8BC909058CD}"
EndProject
Global
	GlobalSection(SolutionConfigurationPlatforms) = preSolution
		Debug|Any CPU = Debug|Any CPU
		Debug|x64 = Debug|x64
		Debug|x86 = Debug|x86
		Release|Any CPU = Release|Any CPU
		Release|x64 = Release|x64
		Release|x86 = Release|x86
	EndGlobalSection
	GlobalSection(ProjectConfigurationPlatforms) = postSolution
		{7863EFF6-7271-467E-AC0B-39F1FEFB4252}.Debug|Any CPU.ActiveCfg = Debug|Any CPU
		{7863EFF6-7271-467E-AC0B-39F1FEFB4252}.Debug|Any CPU.Build.0 = Debug|Any CPU
		{7863EFF6-7271-467E-AC0B-39F1FEFB4252}.Debug|x64.ActiveCfg = Debug|Any CPU
		{7863EFF6-7271-467E-AC0B-39F1FEFB4252}.Debug|x64.Build.0 = Debug|Any CPU
		{7863EFF6-7271-467E-AC0B-39F1FEFB4252}.Debug|x86.ActiveCfg = Debug|Any CPU
		{7863EFF6-7271-467E-AC0B-39F1FEFB4252}.Debug|x86.Build.0 = Debug|Any CPU
		{7863EFF6-7271-467E-AC0B-39F1FEFB4252}.Release|Any CPU.ActiveCfg = Release|Any CPU
		{7863EFF6-7271-467E-AC0B-39F1FEFB4252}.Release|Any CPU.Build.0 = Release|Any CPU
		{7863EFF6-7271-467E-AC0B-39F1FEFB4252}.Release|x64.ActiveCfg = Release|Any CPU
		{7863EFF6-7271-467E-AC0B-39F1FEFB4252}.Release|x64.Build.0 = Release|Any CPU
		{7863EFF6-7271-467E-AC0B-39F1FEFB4252}.Release|x86.ActiveCfg = Release|Any CPU
		{7863EFF6-7271-467E-AC0B-39F1FEFB4252}.Release|x86.Build.0 = Release|Any CPU
		{09FEAE5D-825C-4066-8068-6F8A4BA1ED09}.Debug|Any CPU.ActiveCfg = Debug|Any CPU
		{09FEAE5D-825C-4066-8068-6F8A4BA1ED09}.Debug|Any CPU.Build.0 = Debug|Any CPU
		{09FEAE5D-825C-4066-8068-6F8A4BA1ED09}.Debug|x64.ActiveCfg = Debug|Any CPU
		{09FEAE5D-825C-4066-8068-6F8A4BA1ED09}.Debug|x64.Build.0 = Debug|Any CPU
		{09FEAE5D-825C-4066-8068-6F8A4BA1ED09}.Debug|x86.ActiveCfg = Debug|Any CPU
		{09FEAE5D-825C-4066-8068-6F8A4BA1ED09}.Debug|x86.Build.0 = Debug|Any CPU
		{09FEAE5D-825C-4066-8068-6F8A4BA1ED09}.Release|Any CPU.ActiveCfg = Release|Any CPU
		{09FEAE5D-825C-4066-8068-6F8A4BA1ED09}.Release|Any CPU.Build.0 = Release|Any CPU
		{09FEAE5D-825C-4066-8068-6F8A4BA1ED09}.Release|x64.ActiveCfg = Release|Any CPU
		{09FEAE5D-825C-4066-8068-6F8A4BA1ED09}.Release|x64.Build.0 = Release|Any CPU
		{09FEAE5D-825C-4066-8068-6F8A4BA1ED09}.Release|x86.ActiveCfg = Release|Any CPU
		{09FEAE5D-825C-4066-8068-6F8A4BA1ED09}.Release|x86.Build.0 = Release|Any CPU
		{34AEFE17-BDAD-48E0-9F8E-DC4C8FAF4381}.Debug|Any CPU.ActiveCfg = Debug|Any CPU
		{34AEFE17-BDAD-48E0-9F8E-DC4C8FAF4381}.Debug|Any CPU.Build.0 = Debug|Any CPU
		{34AEFE17-BDAD-48E0-9F8E-DC4C8FAF4381}.Debug|x64.ActiveCfg = Debug|Any CPU
		{34AEFE17-BDAD-48E0-9F8E-DC4C8FAF4381}.Debug|x64.Build.0 = Debug|Any CPU
		{34AEFE17-BDAD-48E0-9F8E-DC4C8FAF4381}.Debug|x86.ActiveCfg = Debug|Any CPU
		{34AEFE17-BDAD-48E0-9F8E-DC4C8FAF4381}.Debug|x86.Build.0 = Debug|Any CPU
		{34AEFE17-BDAD-48E0-9F8E-DC4C8FAF4381}.Release|Any CPU.ActiveCfg = Release|Any CPU
		{34AEFE17-BDAD-48E0-9F8E-DC4C8FAF4381}.Release|Any CPU.Build.0 = Release|Any CPU
		{34AEFE17-BDAD-48E0-9F8E-DC4C8FAF4381}.Release|x64.ActiveCfg = Release|Any CPU
		{34AEFE17-BDAD-48E0-9F8E-DC4C8FAF4381}.Release|x64.Build.0 = Release|Any CPU
		{34AEFE17-BDAD-48E0-9F8E-DC4C8FAF4381}.Release|x86.ActiveCfg = Release|Any CPU
		{34AEFE17-BDAD-48E0-9F8E-DC4C8FAF4381}.Release|x86.Build.0 = Release|Any CPU
		{43959247-679F-459D-AD6D-D96B1128EF4A}.Debug|Any CPU.ActiveCfg = Debug|Any CPU
		{43959247-679F-459D-AD6D-D96B1128EF4A}.Debug|Any CPU.Build.0 = Debug|Any CPU
		{43959247-679F-459D-AD6D-D96B1128EF4A}.Debug|x64.ActiveCfg = Debug|Any CPU
		{43959247-679F-459D-AD6D-D96B1128EF4A}.Debug|x64.Build.0 = Debug|Any CPU
		{43959247-679F-459D-AD6D-D96B1128EF4A}.Debug|x86.ActiveCfg = Debug|Any CPU
		{43959247-679F-459D-AD6D-D96B1128EF4A}.Debug|x86.Build.0 = Debug|Any CPU
		{43959247-679F-459D-AD6D-D96B1128EF4A}.Release|Any CPU.ActiveCfg = Release|Any CPU
		{43959247-679F-459D-AD6D-D96B1128EF4A}.Release|Any CPU.Build.0 = Release|Any CPU
		{43959247-679F-459D-AD6D-D96B1128EF4A}.Release|x64.ActiveCfg = Release|Any CPU
		{43959247-679F-459D-AD6D-D96B1128EF4A}.Release|x64.Build.0 = Release|Any CPU
		{43959247-679F-459D-AD6D-D96B1128EF4A}.Release|x86.ActiveCfg = Release|Any CPU
		{43959247-679F-459D-AD6D-D96B1128EF4A}.Release|x86.Build.0 = Release|Any CPU
		{81928E31-134E-4823-AC9E-8B7C773EE001}.Debug|Any CPU.ActiveCfg = Debug|Any CPU
		{81928E31-134E-4823-AC9E-8B7C773EE001}.Debug|Any CPU.Build.0 = Debug|Any CPU
		{81928E31-134E-4823-AC9E-8B7C773EE001}.Debug|x64.ActiveCfg = Debug|Any CPU
		{81928E31-134E-4823-AC9E-8B7C773EE001}.Debug|x64.Build.0 = Debug|Any CPU
		{81928E31-134E-4823-AC9E-8B7C773EE001}.Debug|x86.ActiveCfg = Debug|Any CPU
		{81928E31-134E-4823-AC9E-8B7C773EE001}.Debug|x86.Build.0 = Debug|Any CPU
		{81928E31-134E-4823-AC9E-8B7C773EE001}.Release|Any CPU.ActiveCfg = Release|Any CPU
		{81928E31-134E-4823-AC9E-8B7C773EE001}.Release|Any CPU.Build.0 = Release|Any CPU
		{81928E31-134E-4823-AC9E-8B7C773EE001}.Release|x64.ActiveCfg = Release|Any CPU
		{81928E31-134E-4823-AC9E-8B7C773EE001}.Release|x64.Build.0 = Release|Any CPU
		{81928E31-134E-4823-AC9E-8B7C773EE001}.Release|x86.ActiveCfg = Release|Any CPU
		{81928E31-134E-4823-AC9E-8B7C773EE001}.Release|x86.Build.0 = Release|Any CPU
		{3961873E-9489-46C3-B7EC-72D62A3E577A}.Debug|Any CPU.ActiveCfg = Debug|Any CPU
		{3961873E-9489-46C3-B7EC-72D62A3E577A}.Debug|Any CPU.Build.0 = Debug|Any CPU
		{3961873E-9489-46C3-B7EC-72D62A3E577A}.Debug|x64.ActiveCfg = Debug|Any CPU
		{3961873E-9489-46C3-B7EC-72D62A3E577A}.Debug|x64.Build.0 = Debug|Any CPU
		{3961873E-9489-46C3-B7EC-72D62A3E577A}.Debug|x86.ActiveCfg = Debug|Any CPU
		{3961873E-9489-46C3-B7EC-72D62A3E577A}.Debug|x86.Build.0 = Debug|Any CPU
		{3961873E-9489-46C3-B7EC-72D62A3E577A}.Release|Any CPU.ActiveCfg = Release|Any CPU
		{3961873E-9489-46C3-B7EC-72D62A3E577A}.Release|Any CPU.Build.0 = Release|Any CPU
		{3961873E-9489-46C3-B7EC-72D62A3E577A}.Release|x64.ActiveCfg = Release|Any CPU
		{3961873E-9489-46C3-B7EC-72D62A3E577A}.Release|x64.Build.0 = Release|Any CPU
		{3961873E-9489-46C3-B7EC-72D62A3E577A}.Release|x86.ActiveCfg = Release|Any CPU
		{3961873E-9489-46C3-B7EC-72D62A3E577A}.Release|x86.Build.0 = Release|Any CPU
		{FD2A5722-643D-4232-A507-474B965E78B2}.Debug|Any CPU.ActiveCfg = Debug|Any CPU
		{FD2A5722-643D-4232-A507-474B965E78B2}.Debug|Any CPU.Build.0 = Debug|Any CPU
		{FD2A5722-643D-4232-A507-474B965E78B2}.Debug|x64.ActiveCfg = Debug|Any CPU
		{FD2A5722-643D-4232-A507-474B965E78B2}.Debug|x64.Build.0 = Debug|Any CPU
		{FD2A5722-643D-4232-A507-474B965E78B2}.Debug|x86.ActiveCfg = Debug|Any CPU
		{FD2A5722-643D-4232-A507-474B965E78B2}.Debug|x86.Build.0 = Debug|Any CPU
		{FD2A5722-643D-4232-A507-474B965E78B2}.Release|Any CPU.ActiveCfg = Release|Any CPU
		{FD2A5722-643D-4232-A507-474B965E78B2}.Release|Any CPU.Build.0 = Release|Any CPU
		{FD2A5722-643D-4232-A507-474B965E78B2}.Release|x64.ActiveCfg = Release|Any CPU
		{FD2A5722-643D-4232-A507-474B965E78B2}.Release|x64.Build.0 = Release|Any CPU
		{FD2A5722-643D-4232-A507-474B965E78B2}.Release|x86.ActiveCfg = Release|Any CPU
		{FD2A5722-643D-4232-A507-474B965E78B2}.Release|x86.Build.0 = Release|Any CPU
		{6016F6E7-7760-422B-8AED-3E346B38DAA0}.Debug|Any CPU.ActiveCfg = Debug|Any CPU
		{6016F6E7-7760-422B-8AED-3E346B38DAA0}.Debug|Any CPU.Build.0 = Debug|Any CPU
		{6016F6E7-7760-422B-8AED-3E346B38DAA0}.Debug|x64.ActiveCfg = Debug|Any CPU
		{6016F6E7-7760-422B-8AED-3E346B38DAA0}.Debug|x64.Build.0 = Debug|Any CPU
		{6016F6E7-7760-422B-8AED-3E346B38DAA0}.Debug|x86.ActiveCfg = Debug|Any CPU
		{6016F6E7-7760-422B-8AED-3E346B38DAA0}.Debug|x86.Build.0 = Debug|Any CPU
		{6016F6E7-7760-422B-8AED-3E346B38DAA0}.Release|Any CPU.ActiveCfg = Release|Any CPU
		{6016F6E7-7760-422B-8AED-3E346B38DAA0}.Release|Any CPU.Build.0 = Release|Any CPU
		{6016F6E7-7760-422B-8AED-3E346B38DAA0}.Release|x64.ActiveCfg = Release|Any CPU
		{6016F6E7-7760-422B-8AED-3E346B38DAA0}.Release|x64.Build.0 = Release|Any CPU
		{6016F6E7-7760-422B-8AED-3E346B38DAA0}.Release|x86.ActiveCfg = Release|Any CPU
		{6016F6E7-7760-422B-8AED-3E346B38DAA0}.Release|x86.Build.0 = Release|Any CPU
		{390F1174-A42A-439A-8EF3-9B50C9E46B1D}.Debug|Any CPU.ActiveCfg = Debug|Any CPU
		{390F1174-A42A-439A-8EF3-9B50C9E46B1D}.Debug|Any CPU.Build.0 = Debug|Any CPU
		{390F1174-A42A-439A-8EF3-9B50C9E46B1D}.Debug|x64.ActiveCfg = Debug|Any CPU
		{390F1174-A42A-439A-8EF3-9B50C9E46B1D}.Debug|x64.Build.0 = Debug|Any CPU
		{390F1174-A42A-439A-8EF3-9B50C9E46B1D}.Debug|x86.ActiveCfg = Debug|Any CPU
		{390F1174-A42A-439A-8EF3-9B50C9E46B1D}.Debug|x86.Build.0 = Debug|Any CPU
		{390F1174-A42A-439A-8EF3-9B50C9E46B1D}.Release|Any CPU.ActiveCfg = Release|Any CPU
		{390F1174-A42A-439A-8EF3-9B50C9E46B1D}.Release|Any CPU.Build.0 = Release|Any CPU
		{390F1174-A42A-439A-8EF3-9B50C9E46B1D}.Release|x64.ActiveCfg = Release|Any CPU
		{390F1174-A42A-439A-8EF3-9B50C9E46B1D}.Release|x64.Build.0 = Release|Any CPU
		{390F1174-A42A-439A-8EF3-9B50C9E46B1D}.Release|x86.ActiveCfg = Release|Any CPU
		{390F1174-A42A-439A-8EF3-9B50C9E46B1D}.Release|x86.Build.0 = Release|Any CPU
		{C4E8E947-93AD-40BA-A08E-DB281212146A}.Debug|Any CPU.ActiveCfg = Debug|Any CPU
		{C4E8E947-93AD-40BA-A08E-DB281212146A}.Debug|Any CPU.Build.0 = Debug|Any CPU
		{C4E8E947-93AD-40BA-A08E-DB281212146A}.Debug|x64.ActiveCfg = Debug|Any CPU
		{C4E8E947-93AD-40BA-A08E-DB281212146A}.Debug|x64.Build.0 = Debug|Any CPU
		{C4E8E947-93AD-40BA-A08E-DB281212146A}.Debug|x86.ActiveCfg = Debug|Any CPU
		{C4E8E947-93AD-40BA-A08E-DB281212146A}.Debug|x86.Build.0 = Debug|Any CPU
		{C4E8E947-93AD-40BA-A08E-DB281212146A}.Release|Any CPU.ActiveCfg = Release|Any CPU
		{C4E8E947-93AD-40BA-A08E-DB281212146A}.Release|Any CPU.Build.0 = Release|Any CPU
		{C4E8E947-93AD-40BA-A08E-DB281212146A}.Release|x64.ActiveCfg = Release|Any CPU
		{C4E8E947-93AD-40BA-A08E-DB281212146A}.Release|x64.Build.0 = Release|Any CPU
		{C4E8E947-93AD-40BA-A08E-DB281212146A}.Release|x86.ActiveCfg = Release|Any CPU
		{C4E8E947-93AD-40BA-A08E-DB281212146A}.Release|x86.Build.0 = Release|Any CPU
		{0C52FC37-A112-4E01-A30F-C8BC909058CD}.Debug|Any CPU.ActiveCfg = Debug|Any CPU
		{0C52FC37-A112-4E01-A30F-C8BC909058CD}.Debug|Any CPU.Build.0 = Debug|Any CPU
		{0C52FC37-A112-4E01-A30F-C8BC909058CD}.Debug|x64.ActiveCfg = Debug|Any CPU
		{0C52FC37-A112-4E01-A30F-C8BC909058CD}.Debug|x64.Build.0 = Debug|Any CPU
		{0C52FC37-A112-4E01-A30F-C8BC909058CD}.Debug|x86.ActiveCfg = Debug|Any CPU
		{0C52FC37-A112-4E01-A30F-C8BC909058CD}.Debug|x86.Build.0 = Debug|Any CPU
		{0C52FC37-A112-4E01-A30F-C8BC909058CD}.Release|Any CPU.ActiveCfg = Release|Any CPU
		{0C52FC37-A112-4E01-A30F-C8BC909058CD}.Release|Any CPU.Build.0 = Release|Any CPU
		{0C52FC37-A112-4E01-A30F-C8BC909058CD}.Release|x64.ActiveCfg = Release|Any CPU
		{0C52FC37-A112-4E01-A30F-C8BC909058CD}.Release|x64.Build.0 = Release|Any CPU
		{0C52FC37-A112-4E01-A30F-C8BC909058CD}.Release|x86.ActiveCfg = Release|Any CPU
		{0C52FC37-A112-4E01-A30F-C8BC909058CD}.Release|x86.Build.0 = Release|Any CPU
	EndGlobalSection
	GlobalSection(SolutionProperties) = preSolution
		HideSolutionNode = FALSE
	EndGlobalSection
	GlobalSection(NestedProjects) = preSolution
		{7863EFF6-7271-467E-AC0B-39F1FEFB4252} = {B21B8E5B-35AE-4845-9CF8-9432222B025A}
		{09FEAE5D-825C-4066-8068-6F8A4BA1ED09} = {B21B8E5B-35AE-4845-9CF8-9432222B025A}
		{34AEFE17-BDAD-48E0-9F8E-DC4C8FAF4381} = {AD45BC5B-CADC-46B6-B505-765A59BDF476}
		{43959247-679F-459D-AD6D-D96B1128EF4A} = {AD45BC5B-CADC-46B6-B505-765A59BDF476}
		{81928E31-134E-4823-AC9E-8B7C773EE001} = {8326E566-95AA-4A26-AB4D-E648A9C7351D}
		{3961873E-9489-46C3-B7EC-72D62A3E577A} = {8326E566-95AA-4A26-AB4D-E648A9C7351D}
		{FD2A5722-643D-4232-A507-474B965E78B2} = {BC5EB361-3612-4183-A6EA-38F1B68D810C}
		{6016F6E7-7760-422B-8AED-3E346B38DAA0} = {BC5EB361-3612-4183-A6EA-38F1B68D810C}
		{390F1174-A42A-439A-8EF3-9B50C9E46B1D} = {214B2395-B936-4A78-8D95-0A96DF46B4C5}
		{C4E8E947-93AD-40BA-A08E-DB281212146A} = {214B2395-B936-4A78-8D95-0A96DF46B4C5}
		{0C52FC37-A112-4E01-A30F-C8BC909058CD} = {214B2395-B936-4A78-8D95-0A96DF46B4C5}
	EndGlobalSection
	GlobalSection(ExtensibilityGlobals) = postSolution
		SolutionGuid = {683F922A-7D71-4D3C-BD38-97BC66F22369}
	EndGlobalSection
EndGlobal
