
Microsoft Visual Studio Solution File, Format Version 12.00
# Visual Studio 2012
Project("{2150E333-8FDC-42A3-9474-1A3956D46DE8}") = "Common", "Common", "{B21B8E5B-35AE-4845-9CF8-9432222B025A}"
EndProject
Project("{F2A71F9B-5D33-465A-A702-920D77279786}") = "Own.Common.FSharp", "Own.Common.FSharp\Own.Common.FSharp.fsproj", "{7863EFF6-7271-467E-AC0B-39F1FEFB4252}"
EndProject
Project("{F2A71F9B-5D33-465A-A702-920D77279786}") = "Own.Blockchain.Common", "Own.Blockchain.Common\Own.Blockchain.Common.fsproj", "{09FEAE5D-825C-4066-8068-6F8A4BA1ED09}"
EndProject
Project("{2150E333-8FDC-42A3-9474-1A3956D46DE8}") = "Domain", "Domain", "{AD45BC5B-CADC-46B6-B505-765A59BDF476}"
EndProject
Project("{F2A71F9B-5D33-465A-A702-920D77279786}") = "Own.Blockchain.Public.Core", "Own.Blockchain.Public.Core\Own.Blockchain.Public.Core.fsproj", "{34AEFE17-BDAD-48E0-9F8E-DC4C8FAF4381}"
EndProject
Project("{F2A71F9B-5D33-465A-A702-920D77279786}") = "Own.Blockchain.Public.Crypto", "Own.Blockchain.Public.Crypto\Own.Blockchain.Public.Crypto.fsproj", "{43959247-679F-459D-AD6D-D96B1128EF4A}"
EndProject
Project("{2150E333-8FDC-42A3-9474-1A3956D46DE8}") = "Infrastructure", "Infrastructure", "{8326E566-95AA-4A26-AB4D-E648A9C7351D}"
EndProject
Project("{F2A71F9B-5D33-465A-A702-920D77279786}") = "Own.Blockchain.Public.Data", "Own.Blockchain.Public.Data\Own.Blockchain.Public.Data.fsproj", "{81928E31-134E-4823-AC9E-8B7C773EE001}"
EndProject
Project("{F2A71F9B-5D33-465A-A702-920D77279786}") = "Own.Blockchain.Public.Net", "Own.Blockchain.Public.Net\Own.Blockchain.Public.Net.fsproj", "{3961873E-9489-46C3-B7EC-72D62A3E577A}"
EndProject
Project("{2150E333-8FDC-42A3-9474-1A3956D46DE8}") = "App", "App", "{BC5EB361-3612-4183-A6EA-38F1B68D810C}"
EndProject
Project("{F2A71F9B-5D33-465A-A702-920D77279786}") = "Own.Blockchain.Public.Node", "Own.Blockchain.Public.Node\Own.Blockchain.Public.Node.fsproj", "{FD2A5722-643D-4232-A507-474B965E78B2}"
EndProject
Project("{F2A71F9B-5D33-465A-A702-920D77279786}") = "Own.Blockchain.Public.Wallet", "Own.Blockchain.Public.Wallet\Own.Blockchain.Public.Wallet.fsproj", "{6016F6E7-7760-422B-8AED-3E346B38DAA0}"
EndProject
Project("{2150E333-8FDC-42A3-9474-1A3956D46DE8}") = "Tests", "Tests", "{214B2395-B936-4A78-8D95-0A96DF46B4C5}"
EndProject
Project("{F2A71F9B-5D33-465A-A702-920D77279786}") = "Own.Blockchain.Common.Tests", "Own.Blockchain.Common.Tests\Own.Blockchain.Common.Tests.fsproj", "{4C7A0A2A-43AA-4813-8E63-E300BB6CFC10}"
EndProject
Project("{F2A71F9B-5D33-465A-A702-920D77279786}") = "Own.Blockchain.Public.Core.Tests", "Own.Blockchain.Public.Core.Tests\Own.Blockchain.Public.Core.Tests.fsproj", "{390F1174-A42A-439A-8EF3-9B50C9E46B1D}"
EndProject
Project("{F2A71F9B-5D33-465A-A702-920D77279786}") = "Own.Blockchain.Public.Crypto.Tests", "Own.Blockchain.Public.Crypto.Tests\Own.Blockchain.Public.Crypto.Tests.fsproj", "{C4E8E947-93AD-40BA-A08E-DB281212146A}"
EndProject
Project("{F2A71F9B-5D33-465A-A702-920D77279786}") = "Own.Blockchain.Public.Faucet", "Own.Blockchain.Public.Faucet\Own.Blockchain.Public.Faucet.fsproj", "{01BC9F97-DC7B-4CD6-BFD5-EB5E758CB6BB}"
EndProject
Project("{F2A71F9B-5D33-465A-A702-920D77279786}") = "Own.Blockchain.Public.Net.Tests", "Own.Blockchain.Public.Net.Tests\Own.Blockchain.Public.Net.Tests.fsproj", "{C7554501-9580-45D4-B1F7-D6BD435CE631}"
EndProject
Project("{F2A71F9B-5D33-465A-A702-920D77279786}") = "Own.Blockchain.Public.IntegrationTests", "Own.Blockchain.Public.IntegrationTests\Own.Blockchain.Public.IntegrationTests.fsproj", "{F06738AA-41F4-4917-B606-873C744FA0E0}"
EndProject
Project("{2150E333-8FDC-42A3-9474-1A3956D46DE8}") = "Sdk", "Sdk", "{FF20FC00-D3AC-4AB8-9C2F-20BDD5737BF3}"
EndProject
Project("{F2A71F9B-5D33-465A-A702-920D77279786}") = "Own.Blockchain.Public.Sdk", "Own.Blockchain.Public.Sdk\Own.Blockchain.Public.Sdk.fsproj", "{450675BB-AC56-41F6-8496-DDD76589DE99}"
EndProject
Project("{F2A71F9B-5D33-465A-A702-920D77279786}") = "Own.Blockchain.Public.Sdk.Tests", "Own.Blockchain.Public.Sdk.Tests\Own.Blockchain.Public.Sdk.Tests.fsproj", "{04245BF7-3491-4AC1-A78F-C95970FD3BDD}"
EndProject
Global
	GlobalSection(SolutionConfigurationPlatforms) = preSolution
		Debug|Any CPU = Debug|Any CPU
		Release|Any CPU = Release|Any CPU
	EndGlobalSection
	GlobalSection(ProjectConfigurationPlatforms) = postSolution
		{7863EFF6-7271-467E-AC0B-39F1FEFB4252}.Debug|Any CPU.ActiveCfg = Debug|Any CPU
		{7863EFF6-7271-467E-AC0B-39F1FEFB4252}.Debug|Any CPU.Build.0 = Debug|Any CPU
		{7863EFF6-7271-467E-AC0B-39F1FEFB4252}.Release|Any CPU.ActiveCfg = Release|Any CPU
		{7863EFF6-7271-467E-AC0B-39F1FEFB4252}.Release|Any CPU.Build.0 = Release|Any CPU
		{09FEAE5D-825C-4066-8068-6F8A4BA1ED09}.Debug|Any CPU.ActiveCfg = Debug|Any CPU
		{09FEAE5D-825C-4066-8068-6F8A4BA1ED09}.Debug|Any CPU.Build.0 = Debug|Any CPU
		{09FEAE5D-825C-4066-8068-6F8A4BA1ED09}.Release|Any CPU.ActiveCfg = Release|Any CPU
		{09FEAE5D-825C-4066-8068-6F8A4BA1ED09}.Release|Any CPU.Build.0 = Release|Any CPU
		{34AEFE17-BDAD-48E0-9F8E-DC4C8FAF4381}.Debug|Any CPU.ActiveCfg = Debug|Any CPU
		{34AEFE17-BDAD-48E0-9F8E-DC4C8FAF4381}.Debug|Any CPU.Build.0 = Debug|Any CPU
		{34AEFE17-BDAD-48E0-9F8E-DC4C8FAF4381}.Release|Any CPU.ActiveCfg = Release|Any CPU
		{34AEFE17-BDAD-48E0-9F8E-DC4C8FAF4381}.Release|Any CPU.Build.0 = Release|Any CPU
		{43959247-679F-459D-AD6D-D96B1128EF4A}.Debug|Any CPU.ActiveCfg = Debug|Any CPU
		{43959247-679F-459D-AD6D-D96B1128EF4A}.Debug|Any CPU.Build.0 = Debug|Any CPU
		{43959247-679F-459D-AD6D-D96B1128EF4A}.Release|Any CPU.ActiveCfg = Release|Any CPU
		{43959247-679F-459D-AD6D-D96B1128EF4A}.Release|Any CPU.Build.0 = Release|Any CPU
		{81928E31-134E-4823-AC9E-8B7C773EE001}.Debug|Any CPU.ActiveCfg = Debug|Any CPU
		{81928E31-134E-4823-AC9E-8B7C773EE001}.Debug|Any CPU.Build.0 = Debug|Any CPU
		{81928E31-134E-4823-AC9E-8B7C773EE001}.Release|Any CPU.ActiveCfg = Release|Any CPU
		{81928E31-134E-4823-AC9E-8B7C773EE001}.Release|Any CPU.Build.0 = Release|Any CPU
		{3961873E-9489-46C3-B7EC-72D62A3E577A}.Debug|Any CPU.ActiveCfg = Debug|Any CPU
		{3961873E-9489-46C3-B7EC-72D62A3E577A}.Debug|Any CPU.Build.0 = Debug|Any CPU
		{3961873E-9489-46C3-B7EC-72D62A3E577A}.Release|Any CPU.ActiveCfg = Release|Any CPU
		{3961873E-9489-46C3-B7EC-72D62A3E577A}.Release|Any CPU.Build.0 = Release|Any CPU
		{FD2A5722-643D-4232-A507-474B965E78B2}.Debug|Any CPU.ActiveCfg = Debug|Any CPU
		{FD2A5722-643D-4232-A507-474B965E78B2}.Debug|Any CPU.Build.0 = Debug|Any CPU
		{FD2A5722-643D-4232-A507-474B965E78B2}.Release|Any CPU.ActiveCfg = Release|Any CPU
		{FD2A5722-643D-4232-A507-474B965E78B2}.Release|Any CPU.Build.0 = Release|Any CPU
		{6016F6E7-7760-422B-8AED-3E346B38DAA0}.Debug|Any CPU.ActiveCfg = Debug|Any CPU
		{6016F6E7-7760-422B-8AED-3E346B38DAA0}.Debug|Any CPU.Build.0 = Debug|Any CPU
		{6016F6E7-7760-422B-8AED-3E346B38DAA0}.Release|Any CPU.ActiveCfg = Release|Any CPU
		{6016F6E7-7760-422B-8AED-3E346B38DAA0}.Release|Any CPU.Build.0 = Release|Any CPU
		{4C7A0A2A-43AA-4813-8E63-E300BB6CFC10}.Debug|Any CPU.ActiveCfg = Debug|Any CPU
		{4C7A0A2A-43AA-4813-8E63-E300BB6CFC10}.Debug|Any CPU.Build.0 = Debug|Any CPU
		{4C7A0A2A-43AA-4813-8E63-E300BB6CFC10}.Release|Any CPU.ActiveCfg = Release|Any CPU
		{4C7A0A2A-43AA-4813-8E63-E300BB6CFC10}.Release|Any CPU.Build.0 = Release|Any CPU
		{390F1174-A42A-439A-8EF3-9B50C9E46B1D}.Debug|Any CPU.ActiveCfg = Debug|Any CPU
		{390F1174-A42A-439A-8EF3-9B50C9E46B1D}.Debug|Any CPU.Build.0 = Debug|Any CPU
		{390F1174-A42A-439A-8EF3-9B50C9E46B1D}.Release|Any CPU.ActiveCfg = Release|Any CPU
		{390F1174-A42A-439A-8EF3-9B50C9E46B1D}.Release|Any CPU.Build.0 = Release|Any CPU
		{C4E8E947-93AD-40BA-A08E-DB281212146A}.Debug|Any CPU.ActiveCfg = Debug|Any CPU
		{C4E8E947-93AD-40BA-A08E-DB281212146A}.Debug|Any CPU.Build.0 = Debug|Any CPU
		{C4E8E947-93AD-40BA-A08E-DB281212146A}.Release|Any CPU.ActiveCfg = Release|Any CPU
		{C4E8E947-93AD-40BA-A08E-DB281212146A}.Release|Any CPU.Build.0 = Release|Any CPU
		{01BC9F97-DC7B-4CD6-BFD5-EB5E758CB6BB}.Debug|Any CPU.ActiveCfg = Debug|Any CPU
		{01BC9F97-DC7B-4CD6-BFD5-EB5E758CB6BB}.Debug|Any CPU.Build.0 = Debug|Any CPU
		{01BC9F97-DC7B-4CD6-BFD5-EB5E758CB6BB}.Release|Any CPU.ActiveCfg = Release|Any CPU
		{01BC9F97-DC7B-4CD6-BFD5-EB5E758CB6BB}.Release|Any CPU.Build.0 = Release|Any CPU
		{C7554501-9580-45D4-B1F7-D6BD435CE631}.Debug|Any CPU.ActiveCfg = Debug|Any CPU
		{C7554501-9580-45D4-B1F7-D6BD435CE631}.Debug|Any CPU.Build.0 = Debug|Any CPU
		{C7554501-9580-45D4-B1F7-D6BD435CE631}.Release|Any CPU.ActiveCfg = Release|Any CPU
		{C7554501-9580-45D4-B1F7-D6BD435CE631}.Release|Any CPU.Build.0 = Release|Any CPU
		{F06738AA-41F4-4917-B606-873C744FA0E0}.Debug|Any CPU.ActiveCfg = Debug|Any CPU
		{F06738AA-41F4-4917-B606-873C744FA0E0}.Debug|Any CPU.Build.0 = Debug|Any CPU
		{F06738AA-41F4-4917-B606-873C744FA0E0}.Release|Any CPU.ActiveCfg = Release|Any CPU
		{F06738AA-41F4-4917-B606-873C744FA0E0}.Release|Any CPU.Build.0 = Release|Any CPU
		{450675BB-AC56-41F6-8496-DDD76589DE99}.Debug|Any CPU.ActiveCfg = Debug|Any CPU
		{450675BB-AC56-41F6-8496-DDD76589DE99}.Debug|Any CPU.Build.0 = Debug|Any CPU
		{450675BB-AC56-41F6-8496-DDD76589DE99}.Release|Any CPU.ActiveCfg = Release|Any CPU
		{450675BB-AC56-41F6-8496-DDD76589DE99}.Release|Any CPU.Build.0 = Release|Any CPU
		{04245BF7-3491-4AC1-A78F-C95970FD3BDD}.Debug|Any CPU.ActiveCfg = Debug|Any CPU
		{04245BF7-3491-4AC1-A78F-C95970FD3BDD}.Debug|Any CPU.Build.0 = Debug|Any CPU
		{04245BF7-3491-4AC1-A78F-C95970FD3BDD}.Release|Any CPU.ActiveCfg = Release|Any CPU
		{04245BF7-3491-4AC1-A78F-C95970FD3BDD}.Release|Any CPU.Build.0 = Release|Any CPU
	EndGlobalSection
	GlobalSection(NestedProjects) = preSolution
		{09FEAE5D-825C-4066-8068-6F8A4BA1ED09} = {B21B8E5B-35AE-4845-9CF8-9432222B025A}
		{7863EFF6-7271-467E-AC0B-39F1FEFB4252} = {B21B8E5B-35AE-4845-9CF8-9432222B025A}
		{34AEFE17-BDAD-48E0-9F8E-DC4C8FAF4381} = {AD45BC5B-CADC-46B6-B505-765A59BDF476}
		{43959247-679F-459D-AD6D-D96B1128EF4A} = {AD45BC5B-CADC-46B6-B505-765A59BDF476}
		{81928E31-134E-4823-AC9E-8B7C773EE001} = {8326E566-95AA-4A26-AB4D-E648A9C7351D}
		{3961873E-9489-46C3-B7EC-72D62A3E577A} = {8326E566-95AA-4A26-AB4D-E648A9C7351D}
		{FD2A5722-643D-4232-A507-474B965E78B2} = {BC5EB361-3612-4183-A6EA-38F1B68D810C}
		{6016F6E7-7760-422B-8AED-3E346B38DAA0} = {BC5EB361-3612-4183-A6EA-38F1B68D810C}
		{4C7A0A2A-43AA-4813-8E63-E300BB6CFC10} = {214B2395-B936-4A78-8D95-0A96DF46B4C5}
		{390F1174-A42A-439A-8EF3-9B50C9E46B1D} = {214B2395-B936-4A78-8D95-0A96DF46B4C5}
		{C4E8E947-93AD-40BA-A08E-DB281212146A} = {214B2395-B936-4A78-8D95-0A96DF46B4C5}
		{01BC9F97-DC7B-4CD6-BFD5-EB5E758CB6BB} = {BC5EB361-3612-4183-A6EA-38F1B68D810C}
		{C7554501-9580-45D4-B1F7-D6BD435CE631} = {214B2395-B936-4A78-8D95-0A96DF46B4C5}
		{F06738AA-41F4-4917-B606-873C744FA0E0} = {214B2395-B936-4A78-8D95-0A96DF46B4C5}
		{450675BB-AC56-41F6-8496-DDD76589DE99} = {FF20FC00-D3AC-4AB8-9C2F-20BDD5737BF3}
		{04245BF7-3491-4AC1-A78F-C95970FD3BDD} = {214B2395-B936-4A78-8D95-0A96DF46B4C5}
	EndGlobalSection
EndGlobal
